
Microsoft Visual Studio Solution File, Format Version 12.00
# Visual Studio Version 17
VisualStudioVersion = 17.10.35013.160
MinimumVisualStudioVersion = 10.0.40219.1
Project("{FAE04EC0-301F-11D3-BF4B-00C04F79EFBC}") = "Berame - Simple Calculator App", "Berame - Simple Calculator App\Berame - Simple Calculator App.csproj", "{DC6B80CE-A0CB-435A-B3D3-396B0E38D4D5}"
EndProject
Global
	GlobalSection(SolutionConfigurationPlatforms) = preSolution
		Debug|Any CPU = Debug|Any CPU
		Release|Any CPU = Release|Any CPU
	EndGlobalSection
	GlobalSection(ProjectConfigurationPlatforms) = postSolution
		{DC6B80CE-A0CB-435A-B3D3-396B0E38D4D5}.Debug|Any CPU.ActiveCfg = Debug|Any CPU
		{DC6B80CE-A0CB-435A-B3D3-396B0E38D4D5}.Debug|Any CPU.Build.0 = Debug|Any CPU
		{DC6B80CE-A0CB-435A-B3D3-396B0E38D4D5}.Release|Any CPU.ActiveCfg = Release|Any CPU
		{DC6B80CE-A0CB-435A-B3D3-396B0E38D4D5}.Release|Any CPU.Build.0 = Release|Any CPU
	EndGlobalSection
	GlobalSection(SolutionProperties) = preSolution
		HideSolutionNode = FALSE
	EndGlobalSection
	GlobalSection(ExtensibilityGlobals) = postSolution
		SolutionGuid = {87CC0154-891E-487D-B472-254285BBFEA2}
	EndGlobalSection
EndGlobal
